
Microsoft Visual Studio Solution File, Format Version 12.00
# Visual Studio Version 16
VisualStudioVersion = 16.0.31911.196
MinimumVisualStudioVersion = 10.0.40219.1
Project("{FAE04EC0-301F-11D3-BF4B-00C04F79EFBC}") = "CQRS_MediatR", "CQRS_MediatR\CQRS_MediatR.csproj", "{515A3F86-E70D-4AE3-A4EA-C4FB992D8CF7}"
EndProject
Project("{2150E333-8FDC-42A3-9474-1A3956D46DE8}") = "Solution Items", "Solution Items", "{F50D52C5-BC37-479F-A7C3-1E7F83FEA227}"
	ProjectSection(SolutionItems) = preProject
		.editorconfig = .editorconfig
	EndProjectSection
EndProject
Global
	GlobalSection(SolutionConfigurationPlatforms) = preSolution
		Debug|Any CPU = Debug|Any CPU
		Release|Any CPU = Release|Any CPU
	EndGlobalSection
	GlobalSection(ProjectConfigurationPlatforms) = postSolution
		{515A3F86-E70D-4AE3-A4EA-C4FB992D8CF7}.Debug|Any CPU.ActiveCfg = Debug|Any CPU
		{515A3F86-E70D-4AE3-A4EA-C4FB992D8CF7}.Debug|Any CPU.Build.0 = Debug|Any CPU
		{515A3F86-E70D-4AE3-A4EA-C4FB992D8CF7}.Release|Any CPU.ActiveCfg = Release|Any CPU
		{515A3F86-E70D-4AE3-A4EA-C4FB992D8CF7}.Release|Any CPU.Build.0 = Release|Any CPU
	EndGlobalSection
	GlobalSection(SolutionProperties) = preSolution
		HideSolutionNode = FALSE
	EndGlobalSection
	GlobalSection(ExtensibilityGlobals) = postSolution
		SolutionGuid = {85D707EA-1B6A-4775-9D0F-B06689C9516B}
	EndGlobalSection
EndGlobal
